
Microsoft Visual Studio Solution File, Format Version 12.00
# Visual Studio 2012
Project("{8BC9CEB8-8B4A-11D0-8D11-00A0C91BC942}") = "SearchClip", "SearchClip\SearchClip.vcxproj", "{FA6B9765-5ACF-4BB0-AB0B-7308733CBA05}"
	ProjectSection(ProjectDependencies) = postProject
		{B293B444-F513-4603-917B-D5D014DB1AEF} = {B293B444-F513-4603-917B-D5D014DB1AEF}
	EndProjectSection
EndProject
Project("{8BC9CEB8-8B4A-11D0-8D11-00A0C91BC942}") = "KeyboardHook", "KeyboardHook\KeyboardHook.vcxproj", "{B293B444-F513-4603-917B-D5D014DB1AEF}"
EndProject
Global
	GlobalSection(SolutionConfigurationPlatforms) = preSolution
		Debug|Win32 = Debug|Win32
		Release|Win32 = Release|Win32
	EndGlobalSection
	GlobalSection(ProjectConfigurationPlatforms) = postSolution
		{FA6B9765-5ACF-4BB0-AB0B-7308733CBA05}.Debug|Win32.ActiveCfg = Debug|Win32
		{FA6B9765-5ACF-4BB0-AB0B-7308733CBA05}.Debug|Win32.Build.0 = Debug|Win32
		{FA6B9765-5ACF-4BB0-AB0B-7308733CBA05}.Release|Win32.ActiveCfg = Release|Win32
		{FA6B9765-5ACF-4BB0-AB0B-7308733CBA05}.Release|Win32.Build.0 = Release|Win32
		{B293B444-F513-4603-917B-D5D014DB1AEF}.Debug|Win32.ActiveCfg = Debug|Win32
		{B293B444-F513-4603-917B-D5D014DB1AEF}.Debug|Win32.Build.0 = Debug|Win32
		{B293B444-F513-4603-917B-D5D014DB1AEF}.Release|Win32.ActiveCfg = Release|Win32
		{B293B444-F513-4603-917B-D5D014DB1AEF}.Release|Win32.Build.0 = Release|Win32
	EndGlobalSection
	GlobalSection(SolutionProperties) = preSolution
		HideSolutionNode = FALSE
	EndGlobalSection
EndGlobal
